
Microsoft Visual Studio Solution File, Format Version 11.00
# Visual Studio 2010
# SharpDevelop 5.0
Project("{FAE04EC0-301F-11D3-BF4B-00C04F79EFBC}") = "PUNTO1", "TALLER\PUNTO1.csproj", "{AA3932B4-74EA-4383-A868-EA2369396402}"
EndProject
Project("{FAE04EC0-301F-11D3-BF4B-00C04F79EFBC}") = "PUNTO2", "PUNTO2\PUNTO2.csproj", "{85928236-B48D-4E92-8B1D-5D1330D3EDDD}"
EndProject
Project("{FAE04EC0-301F-11D3-BF4B-00C04F79EFBC}") = "PUNTO3", "PUNTO3\PUNTO3.csproj", "{6A8A9E75-4F16-4D1B-9FB6-8A2D2D360622}"
EndProject
Project("{FAE04EC0-301F-11D3-BF4B-00C04F79EFBC}") = "PUNTO4", "PUNTO4\PUNTO4.csproj", "{E0DC72E2-AAF6-4EB0-925A-99D864FA023B}"
EndProject
Project("{FAE04EC0-301F-11D3-BF4B-00C04F79EFBC}") = "PUNTO6", "PUNTO6\PUNTO6.csproj", "{263A3F18-D80F-468E-80C7-C5BC2B275712}"
EndProject
Project("{FAE04EC0-301F-11D3-BF4B-00C04F79EFBC}") = "PUNTO7", "PUNTO7\PUNTO7.csproj", "{033D039F-D925-45F9-9A8A-2357260C3D77}"
EndProject
Project("{FAE04EC0-301F-11D3-BF4B-00C04F79EFBC}") = "PUNTO8", "PUNTO8\PUNTO8.csproj", "{4BBDE6BD-13A2-46D2-95F1-5D3FA58251A0}"
EndProject
Global
	GlobalSection(SolutionConfigurationPlatforms) = preSolution
		Debug|Any CPU = Debug|Any CPU
		Release|Any CPU = Release|Any CPU
	EndGlobalSection
	GlobalSection(ProjectConfigurationPlatforms) = postSolution
		{AA3932B4-74EA-4383-A868-EA2369396402}.Debug|Any CPU.ActiveCfg = Debug|Any CPU
		{AA3932B4-74EA-4383-A868-EA2369396402}.Debug|Any CPU.Build.0 = Debug|Any CPU
		{AA3932B4-74EA-4383-A868-EA2369396402}.Release|Any CPU.ActiveCfg = Release|Any CPU
		{AA3932B4-74EA-4383-A868-EA2369396402}.Release|Any CPU.Build.0 = Release|Any CPU
		{85928236-B48D-4E92-8B1D-5D1330D3EDDD}.Debug|Any CPU.ActiveCfg = Debug|Any CPU
		{85928236-B48D-4E92-8B1D-5D1330D3EDDD}.Debug|Any CPU.Build.0 = Debug|Any CPU
		{85928236-B48D-4E92-8B1D-5D1330D3EDDD}.Release|Any CPU.ActiveCfg = Release|Any CPU
		{85928236-B48D-4E92-8B1D-5D1330D3EDDD}.Release|Any CPU.Build.0 = Release|Any CPU
		{6A8A9E75-4F16-4D1B-9FB6-8A2D2D360622}.Debug|Any CPU.ActiveCfg = Debug|Any CPU
		{6A8A9E75-4F16-4D1B-9FB6-8A2D2D360622}.Debug|Any CPU.Build.0 = Debug|Any CPU
		{6A8A9E75-4F16-4D1B-9FB6-8A2D2D360622}.Release|Any CPU.ActiveCfg = Release|Any CPU
		{6A8A9E75-4F16-4D1B-9FB6-8A2D2D360622}.Release|Any CPU.Build.0 = Release|Any CPU
		{E0DC72E2-AAF6-4EB0-925A-99D864FA023B}.Debug|Any CPU.ActiveCfg = Debug|Any CPU
		{E0DC72E2-AAF6-4EB0-925A-99D864FA023B}.Debug|Any CPU.Build.0 = Debug|Any CPU
		{E0DC72E2-AAF6-4EB0-925A-99D864FA023B}.Release|Any CPU.ActiveCfg = Release|Any CPU
		{E0DC72E2-AAF6-4EB0-925A-99D864FA023B}.Release|Any CPU.Build.0 = Release|Any CPU
		{263A3F18-D80F-468E-80C7-C5BC2B275712}.Debug|Any CPU.ActiveCfg = Debug|Any CPU
		{263A3F18-D80F-468E-80C7-C5BC2B275712}.Debug|Any CPU.Build.0 = Debug|Any CPU
		{263A3F18-D80F-468E-80C7-C5BC2B275712}.Release|Any CPU.ActiveCfg = Release|Any CPU
		{263A3F18-D80F-468E-80C7-C5BC2B275712}.Release|Any CPU.Build.0 = Release|Any CPU
		{033D039F-D925-45F9-9A8A-2357260C3D77}.Debug|Any CPU.ActiveCfg = Debug|Any CPU
		{033D039F-D925-45F9-9A8A-2357260C3D77}.Debug|Any CPU.Build.0 = Debug|Any CPU
		{033D039F-D925-45F9-9A8A-2357260C3D77}.Release|Any CPU.ActiveCfg = Release|Any CPU
		{033D039F-D925-45F9-9A8A-2357260C3D77}.Release|Any CPU.Build.0 = Release|Any CPU
		{4BBDE6BD-13A2-46D2-95F1-5D3FA58251A0}.Debug|Any CPU.ActiveCfg = Debug|Any CPU
		{4BBDE6BD-13A2-46D2-95F1-5D3FA58251A0}.Debug|Any CPU.Build.0 = Debug|Any CPU
		{4BBDE6BD-13A2-46D2-95F1-5D3FA58251A0}.Release|Any CPU.ActiveCfg = Release|Any CPU
		{4BBDE6BD-13A2-46D2-95F1-5D3FA58251A0}.Release|Any CPU.Build.0 = Release|Any CPU
	EndGlobalSection
EndGlobal
